
Microsoft Visual Studio Solution File, Format Version 12.00
# Visual Studio Version 16
VisualStudioVersion = 16.0.29521.150
MinimumVisualStudioVersion = 15.0.26124.0
Project("{9A19103F-16F7-4668-BE54-9A1E7A4F7556}") = "BlazorRedux", "..\src\BlazorRedux\BlazorRedux.csproj", "{D5378F56-8A9B-49BF-ABA6-FE1D4F19B93E}"
EndProject
Project("{2150E333-8FDC-42A3-9474-1A3956D46DE8}") = "src", "src", "{61B0B5CA-4319-4C7B-891C-A24D456D4316}"
EndProject
Project("{FAE04EC0-301F-11D3-BF4B-00C04F79EFBC}") = "BlazorServer.Core31", "BlazorServer.Core31\BlazorServer.Core31.csproj", "{F19BC014-5448-4F7C-9F2D-C2C7092FA3A7}"
EndProject
Project("{FAE04EC0-301F-11D3-BF4B-00C04F79EFBC}") = "BlazorWasm.Core31", "BlazorWasm.Core31\BlazorWasm.Core31.csproj", "{9206BFE2-226B-4729-B992-579440978767}"
EndProject
Global
	GlobalSection(SolutionConfigurationPlatforms) = preSolution
		Debug|Any CPU = Debug|Any CPU
		Release|Any CPU = Release|Any CPU
	EndGlobalSection
	GlobalSection(ProjectConfigurationPlatforms) = postSolution
		{D5378F56-8A9B-49BF-ABA6-FE1D4F19B93E}.Debug|Any CPU.ActiveCfg = Debug|Any CPU
		{D5378F56-8A9B-49BF-ABA6-FE1D4F19B93E}.Debug|Any CPU.Build.0 = Debug|Any CPU
		{D5378F56-8A9B-49BF-ABA6-FE1D4F19B93E}.Release|Any CPU.ActiveCfg = Release|Any CPU
		{D5378F56-8A9B-49BF-ABA6-FE1D4F19B93E}.Release|Any CPU.Build.0 = Release|Any CPU
		{F19BC014-5448-4F7C-9F2D-C2C7092FA3A7}.Debug|Any CPU.ActiveCfg = Debug|Any CPU
		{F19BC014-5448-4F7C-9F2D-C2C7092FA3A7}.Debug|Any CPU.Build.0 = Debug|Any CPU
		{F19BC014-5448-4F7C-9F2D-C2C7092FA3A7}.Release|Any CPU.ActiveCfg = Release|Any CPU
		{F19BC014-5448-4F7C-9F2D-C2C7092FA3A7}.Release|Any CPU.Build.0 = Release|Any CPU
		{9206BFE2-226B-4729-B992-579440978767}.Debug|Any CPU.ActiveCfg = Debug|Any CPU
		{9206BFE2-226B-4729-B992-579440978767}.Debug|Any CPU.Build.0 = Debug|Any CPU
		{9206BFE2-226B-4729-B992-579440978767}.Release|Any CPU.ActiveCfg = Release|Any CPU
		{9206BFE2-226B-4729-B992-579440978767}.Release|Any CPU.Build.0 = Release|Any CPU
	EndGlobalSection
	GlobalSection(SolutionProperties) = preSolution
		HideSolutionNode = FALSE
	EndGlobalSection
	GlobalSection(NestedProjects) = preSolution
		{D5378F56-8A9B-49BF-ABA6-FE1D4F19B93E} = {61B0B5CA-4319-4C7B-891C-A24D456D4316}
	EndGlobalSection
	GlobalSection(ExtensibilityGlobals) = postSolution
		SolutionGuid = {A9BD29FF-CC9F-443A-A481-C6A393C955A0}
	EndGlobalSection
EndGlobal
